
Microsoft Visual Studio Solution File, Format Version 12.00
# Visual Studio Version 17
VisualStudioVersion = 17.10.34928.147
MinimumVisualStudioVersion = 10.0.40219.1
Project("{FAE04EC0-301F-11D3-BF4B-00C04F79EFBC}") = "PdfBotAutomation.Presentation", "PdfBotAutomation.Presentation\PdfBotAutomation.Presentation.csproj", "{029CA5E0-A84B-4C43-91DD-4AE9878ADE72}"
EndProject
Project("{FAE04EC0-301F-11D3-BF4B-00C04F79EFBC}") = "PdfBotAutomation.Domain", "PdfBotAutomation.Domain\PdfBotAutomation.Domain.csproj", "{3A67C38A-88D0-4574-84BF-C1E362017698}"
EndProject
Project("{FAE04EC0-301F-11D3-BF4B-00C04F79EFBC}") = "PdfBotAutomation.Application", "PdfBotAutomation.Application\PdfBotAutomation.Application.csproj", "{5523D0D4-72B2-410B-86B1-421A2F81E94B}"
EndProject
Project("{FAE04EC0-301F-11D3-BF4B-00C04F79EFBC}") = "PdfBotAutomation.Infrastructure", "PdfBotAutomation.Infrastructure\PdfBotAutomation.Infrastructure.csproj", "{C9844304-CB1D-4972-9C2C-DB85CBC660E8}"
EndProject
Global
	GlobalSection(SolutionConfigurationPlatforms) = preSolution
		Debug|Any CPU = Debug|Any CPU
		Release|Any CPU = Release|Any CPU
	EndGlobalSection
	GlobalSection(ProjectConfigurationPlatforms) = postSolution
		{029CA5E0-A84B-4C43-91DD-4AE9878ADE72}.Debug|Any CPU.ActiveCfg = Debug|Any CPU
		{029CA5E0-A84B-4C43-91DD-4AE9878ADE72}.Debug|Any CPU.Build.0 = Debug|Any CPU
		{029CA5E0-A84B-4C43-91DD-4AE9878ADE72}.Release|Any CPU.ActiveCfg = Release|Any CPU
		{029CA5E0-A84B-4C43-91DD-4AE9878ADE72}.Release|Any CPU.Build.0 = Release|Any CPU
		{3A67C38A-88D0-4574-84BF-C1E362017698}.Debug|Any CPU.ActiveCfg = Debug|Any CPU
		{3A67C38A-88D0-4574-84BF-C1E362017698}.Debug|Any CPU.Build.0 = Debug|Any CPU
		{3A67C38A-88D0-4574-84BF-C1E362017698}.Release|Any CPU.ActiveCfg = Release|Any CPU
		{3A67C38A-88D0-4574-84BF-C1E362017698}.Release|Any CPU.Build.0 = Release|Any CPU
		{5523D0D4-72B2-410B-86B1-421A2F81E94B}.Debug|Any CPU.ActiveCfg = Debug|Any CPU
		{5523D0D4-72B2-410B-86B1-421A2F81E94B}.Debug|Any CPU.Build.0 = Debug|Any CPU
		{5523D0D4-72B2-410B-86B1-421A2F81E94B}.Release|Any CPU.ActiveCfg = Release|Any CPU
		{5523D0D4-72B2-410B-86B1-421A2F81E94B}.Release|Any CPU.Build.0 = Release|Any CPU
		{C9844304-CB1D-4972-9C2C-DB85CBC660E8}.Debug|Any CPU.ActiveCfg = Debug|Any CPU
		{C9844304-CB1D-4972-9C2C-DB85CBC660E8}.Debug|Any CPU.Build.0 = Debug|Any CPU
		{C9844304-CB1D-4972-9C2C-DB85CBC660E8}.Release|Any CPU.ActiveCfg = Release|Any CPU
		{C9844304-CB1D-4972-9C2C-DB85CBC660E8}.Release|Any CPU.Build.0 = Release|Any CPU
	EndGlobalSection
	GlobalSection(SolutionProperties) = preSolution
		HideSolutionNode = FALSE
	EndGlobalSection
	GlobalSection(ExtensibilityGlobals) = postSolution
		SolutionGuid = {148E9323-56D8-4F86-B181-80223FB34D6E}
	EndGlobalSection
EndGlobal
